# THIS IS AN AUTOGENERATED FILE. DO NOT EDIT THIS FILE DIRECTLY.
# yarn lockfile v1


argparse@^2.0.1:
  version "2.0.1"
  resolved "https://registry.yarnpkg.com/argparse/-/argparse-2.0.1.tgz#246f50f3ca78a3240f6c997e8a9bd1eac49e4b38"
  integrity sha512-8+9WqebbFzpX9OR+Wa6O29asIogeRMzcGtAINdpMHHyAg10f05aSFVBbcEqGf/PXw1EjAZ+q2/bEBg3DvurK3Q==

js-yaml@^4.1.0:
  version "4.1.0"
  resolved "https://registry.yarnpkg.com/js-yaml/-/js-yaml-4.1.0.tgz#c1fb65f8f5017901cdd2c951864ba18458a10602"
  integrity sha512-wpxZs9NoxZaJESJGIZTyDEaYpl0FKSA+FB9aJiyemKhMwkxQg63h4T1KJgUGHpTqPDNRcmmYLugrRjJlBtWvRA==
  dependencies:
    argparse "^2.0.1"

noble-secp256k1@^1.2.14:
  version "1.2.14"
  resolved "https://registry.yarnpkg.com/noble-secp256k1/-/noble-secp256k1-1.2.14.tgz#39429c941d51211ca40161569cee03e61d72599e"
  integrity sha512-GSCXyoZBUaaPwVWdYncMEmzlSUjF9J/YeEHpklYJCyg8wPuJP3NzDx0BkiwArzINkdX2HJHvUJhL6vVWPOQQcg==

nostr@^0.2.7:
  version "0.2.7"
  resolved "https://registry.yarnpkg.com/nostr/-/nostr-0.2.7.tgz#14bf238b00a37b1ef02c9b854d3462fbe918a213"
  integrity sha512-Yq5tkiCTJtohs7H7Fx+Ki83bR8b3xapdwYi17HunhW5EQfZ9rI0cIXFyihj2ZRkv/0YYvVBiCp/KIaLYt5LyfQ==
  dependencies:
    noble-secp256k1 "^1.2.14"
    ws "^8.8.1"

ws@^8.8.1:
  version "8.11.0"
  resolved "https://registry.yarnpkg.com/ws/-/ws-8.11.0.tgz#6a0d36b8edfd9f96d8b25683db2f8d7de6e8e143"
  integrity sha512-HPG3wQd9sNQoT9xHyNCXoDUa+Xw/VevmY9FoHyQ+g+rrMn4j6FB4np7Z0OhdTgjx6MgQLK7jwSy1YecU1+4Asg==
